// !$*UTF8*$!
{
	archiveVersion = 1;
	classes = {
	};
	objectVersion = 46;
	objects = {

/* Begin PBXBuildFile section */
		8E4E7C7E603835C864223D63 /* Pods_SixtApp.framework in Frameworks */ = {isa = PBXBuildFile; fileRef = 8759AA2A6C27EF6A900FFA05 /* Pods_SixtApp.framework */; };
		D01B6CDC1E6864DB003E906B /* CarAnnotation.swift in Sources */ = {isa = PBXBuildFile; fileRef = D01B6CDB1E6864DB003E906B /* CarAnnotation.swift */; };
		D02904D21E67FD13009322DF /* UIImageView+Kingfisher.swift in Sources */ = {isa = PBXBuildFile; fileRef = D02904D01E67FD13009322DF /* UIImageView+Kingfisher.swift */; };
		D02904D31E67FD13009322DF /* UIViewController+Alert.swift in Sources */ = {isa = PBXBuildFile; fileRef = D02904D11E67FD13009322DF /* UIViewController+Alert.swift */; };
		D05C8A191E65599A0028EFB5 /* AppDelegate.swift in Sources */ = {isa = PBXBuildFile; fileRef = D05C8A181E65599A0028EFB5 /* AppDelegate.swift */; };
		D05C8A1B1E65599A0028EFB5 /* CarViewController.swift in Sources */ = {isa = PBXBuildFile; fileRef = D05C8A1A1E65599A0028EFB5 /* CarViewController.swift */; };
		D05C8A1E1E65599A0028EFB5 /* Main.storyboard in Resources */ = {isa = PBXBuildFile; fileRef = D05C8A1C1E65599A0028EFB5 /* Main.storyboard */; };
		D05C8A201E65599A0028EFB5 /* Assets.xcassets in Resources */ = {isa = PBXBuildFile; fileRef = D05C8A1F1E65599A0028EFB5 /* Assets.xcassets */; };
		D05C8A231E65599A0028EFB5 /* LaunchScreen.storyboard in Resources */ = {isa = PBXBuildFile; fileRef = D05C8A211E65599A0028EFB5 /* LaunchScreen.storyboard */; };
		D05C8A2C1E656D110028EFB5 /* SixtService.swift in Sources */ = {isa = PBXBuildFile; fileRef = D05C8A2B1E656D110028EFB5 /* SixtService.swift */; };
		D05C8A2F1E656D6A0028EFB5 /* Car.swift in Sources */ = {isa = PBXBuildFile; fileRef = D05C8A2E1E656D6A0028EFB5 /* Car.swift */; };
		D05C8A321E6582CA0028EFB5 /* CarManager.swift in Sources */ = {isa = PBXBuildFile; fileRef = D05C8A311E6582CA0028EFB5 /* CarManager.swift */; };
		D05C8A351E65A9770028EFB5 /* FileHelper.swift in Sources */ = {isa = PBXBuildFile; fileRef = D05C8A341E65A9770028EFB5 /* FileHelper.swift */; };
		D05C8A431E66F1040028EFB5 /* CarViewModel.swift in Sources */ = {isa = PBXBuildFile; fileRef = D05C8A421E66F1040028EFB5 /* CarViewModel.swift */; };
		D05C8A451E66F3530028EFB5 /* SixtAPIManager.swift in Sources */ = {isa = PBXBuildFile; fileRef = D05C8A441E66F3530028EFB5 /* SixtAPIManager.swift */; };
		D05C8A481E671E090028EFB5 /* CarCell.swift in Sources */ = {isa = PBXBuildFile; fileRef = D05C8A471E671E090028EFB5 /* CarCell.swift */; };
		D0B4DAE31E742A5400F74208 /* GenericTableViewDataSource.swift in Sources */ = {isa = PBXBuildFile; fileRef = D0B4DAE21E742A5400F74208 /* GenericTableViewDataSource.swift */; };
		D0B4DAE71E742C2400F74208 /* CarsDataSource.swift in Sources */ = {isa = PBXBuildFile; fileRef = D0B4DAE61E742C2400F74208 /* CarsDataSource.swift */; };
/* End PBXBuildFile section */

/* Begin PBXFileReference section */
		58435E60D22A813CCE10E26C /* Pods-SixtApp.debug.xcconfig */ = {isa = PBXFileReference; includeInIndex = 1; lastKnownFileType = text.xcconfig; name = "Pods-SixtApp.debug.xcconfig"; path = "Pods/Target Support Files/Pods-SixtApp/Pods-SixtApp.debug.xcconfig"; sourceTree = "<group>"; };
		8759AA2A6C27EF6A900FFA05 /* Pods_SixtApp.framework */ = {isa = PBXFileReference; explicitFileType = wrapper.framework; includeInIndex = 0; path = Pods_SixtApp.framework; sourceTree = BUILT_PRODUCTS_DIR; };
		CC5762E4898B7BB6C390368D /* Pods-SixtApp.release.xcconfig */ = {isa = PBXFileReference; includeInIndex = 1; lastKnownFileType = text.xcconfig; name = "Pods-SixtApp.release.xcconfig"; path = "Pods/Target Support Files/Pods-SixtApp/Pods-SixtApp.release.xcconfig"; sourceTree = "<group>"; };
		D01B6CDB1E6864DB003E906B /* CarAnnotation.swift */ = {isa = PBXFileReference; fileEncoding = 4; lastKnownFileType = sourcecode.swift; name = CarAnnotation.swift; path = "Custom Annotation/CarAnnotation.swift"; sourceTree = "<group>"; };
		D02904D01E67FD13009322DF /* UIImageView+Kingfisher.swift */ = {isa = PBXFileReference; fileEncoding = 4; lastKnownFileType = sourcecode.swift; name = "UIImageView+Kingfisher.swift"; path = "Extensions/UIImageView+Kingfisher.swift"; sourceTree = "<group>"; };
		D02904D11E67FD13009322DF /* UIViewController+Alert.swift */ = {isa = PBXFileReference; fileEncoding = 4; lastKnownFileType = sourcecode.swift; name = "UIViewController+Alert.swift"; path = "Extensions/UIViewController+Alert.swift"; sourceTree = "<group>"; };
		D05C8A151E65599A0028EFB5 /* SixtApp.app */ = {isa = PBXFileReference; explicitFileType = wrapper.application; includeInIndex = 0; path = SixtApp.app; sourceTree = BUILT_PRODUCTS_DIR; };
		D05C8A181E65599A0028EFB5 /* AppDelegate.swift */ = {isa = PBXFileReference; lastKnownFileType = sourcecode.swift; path = AppDelegate.swift; sourceTree = "<group>"; };
		D05C8A1A1E65599A0028EFB5 /* CarViewController.swift */ = {isa = PBXFileReference; lastKnownFileType = sourcecode.swift; path = CarViewController.swift; sourceTree = "<group>"; };
		D05C8A1D1E65599A0028EFB5 /* Base */ = {isa = PBXFileReference; lastKnownFileType = file.storyboard; name = Base; path = Base.lproj/Main.storyboard; sourceTree = "<group>"; };
		D05C8A1F1E65599A0028EFB5 /* Assets.xcassets */ = {isa = PBXFileReference; lastKnownFileType = folder.assetcatalog; path = Assets.xcassets; sourceTree = "<group>"; };
		D05C8A221E65599A0028EFB5 /* Base */ = {isa = PBXFileReference; lastKnownFileType = file.storyboard; name = Base; path = Base.lproj/LaunchScreen.storyboard; sourceTree = "<group>"; };
		D05C8A241E65599A0028EFB5 /* Info.plist */ = {isa = PBXFileReference; lastKnownFileType = text.plist.xml; path = Info.plist; sourceTree = "<group>"; };
		D05C8A2B1E656D110028EFB5 /* SixtService.swift */ = {isa = PBXFileReference; fileEncoding = 4; lastKnownFileType = sourcecode.swift; name = SixtService.swift; path = Network/SixtService.swift; sourceTree = "<group>"; };
		D05C8A2E1E656D6A0028EFB5 /* Car.swift */ = {isa = PBXFileReference; fileEncoding = 4; lastKnownFileType = sourcecode.swift; name = Car.swift; path = Model/Car.swift; sourceTree = "<group>"; };
		D05C8A311E6582CA0028EFB5 /* CarManager.swift */ = {isa = PBXFileReference; fileEncoding = 4; lastKnownFileType = sourcecode.swift; name = CarManager.swift; path = Manager/CarManager.swift; sourceTree = "<group>"; };
		D05C8A341E65A9770028EFB5 /* FileHelper.swift */ = {isa = PBXFileReference; fileEncoding = 4; lastKnownFileType = sourcecode.swift; name = FileHelper.swift; path = Helper/FileHelper.swift; sourceTree = "<group>"; };
		D05C8A421E66F1040028EFB5 /* CarViewModel.swift */ = {isa = PBXFileReference; fileEncoding = 4; lastKnownFileType = sourcecode.swift; name = CarViewModel.swift; path = ViewModel/CarViewModel.swift; sourceTree = "<group>"; };
		D05C8A441E66F3530028EFB5 /* SixtAPIManager.swift */ = {isa = PBXFileReference; fileEncoding = 4; lastKnownFileType = sourcecode.swift; path = SixtAPIManager.swift; sourceTree = "<group>"; };
		D05C8A471E671E090028EFB5 /* CarCell.swift */ = {isa = PBXFileReference; fileEncoding = 4; lastKnownFileType = sourcecode.swift; name = CarCell.swift; path = "Custom Cell/CarCell.swift"; sourceTree = "<group>"; };
		D0B4DAE21E742A5400F74208 /* GenericTableViewDataSource.swift */ = {isa = PBXFileReference; fileEncoding = 4; lastKnownFileType = sourcecode.swift; name = GenericTableViewDataSource.swift; path = "Data Sources/GenericTableViewDataSource.swift"; sourceTree = "<group>"; };
		D0B4DAE61E742C2400F74208 /* CarsDataSource.swift */ = {isa = PBXFileReference; fileEncoding = 4; lastKnownFileType = sourcecode.swift; name = CarsDataSource.swift; path = "Data Sources/CarsDataSource.swift"; sourceTree = "<group>"; };
/* End PBXFileReference section */

/* Begin PBXFrameworksBuildPhase section */
		D05C8A121E65599A0028EFB5 /* Frameworks */ = {
			isa = PBXFrameworksBuildPhase;
			buildActionMask = 2147483647;
			files = (
				8E4E7C7E603835C864223D63 /* Pods_SixtApp.framework in Frameworks */,
			);
			runOnlyForDeploymentPostprocessing = 0;
		};
/* End PBXFrameworksBuildPhase section */

/* Begin PBXGroup section */
		66B2B664C1661E33820C7ABB /* Frameworks */ = {
			isa = PBXGroup;
			children = (
				8759AA2A6C27EF6A900FFA05 /* Pods_SixtApp.framework */,
			);
			name = Frameworks;
			sourceTree = "<group>";
		};
		69F6CCA9E34B5CF0D6609882 /* Pods */ = {
			isa = PBXGroup;
			children = (
				58435E60D22A813CCE10E26C /* Pods-SixtApp.debug.xcconfig */,
				CC5762E4898B7BB6C390368D /* Pods-SixtApp.release.xcconfig */,
			);
			name = Pods;
			sourceTree = "<group>";
		};
		D01B6CDA1E6864BC003E906B /* Custom Annotation */ = {
			isa = PBXGroup;
			children = (
				D01B6CDB1E6864DB003E906B /* CarAnnotation.swift */,
			);
			name = "Custom Annotation";
			sourceTree = "<group>";
		};
		D02904CF1E67FCEE009322DF /* Extensions */ = {
			isa = PBXGroup;
			children = (
				D02904D01E67FD13009322DF /* UIImageView+Kingfisher.swift */,
				D02904D11E67FD13009322DF /* UIViewController+Alert.swift */,
			);
			name = Extensions;
			sourceTree = "<group>";
		};
		D05C8A0C1E6559990028EFB5 = {
			isa = PBXGroup;
			children = (
				D05C8A171E65599A0028EFB5 /* SixtApp */,
				D05C8A161E65599A0028EFB5 /* Products */,
				69F6CCA9E34B5CF0D6609882 /* Pods */,
				66B2B664C1661E33820C7ABB /* Frameworks */,
			);
			sourceTree = "<group>";
		};
		D05C8A161E65599A0028EFB5 /* Products */ = {
			isa = PBXGroup;
			children = (
				D05C8A151E65599A0028EFB5 /* SixtApp.app */,
			);
			name = Products;
			sourceTree = "<group>";
		};
		D05C8A171E65599A0028EFB5 /* SixtApp */ = {
			isa = PBXGroup;
			children = (
				D0B4DAE11E742A3500F74208 /* Data Sources */,
				D0ED1AD31E6C996900AB5270 /* View */,
				D0ED1AD21E6C996100AB5270 /* App Delegate */,
				D0ED1AD11E6C995800AB5270 /* ViewControllers */,
				D01B6CDA1E6864BC003E906B /* Custom Annotation */,
				D02904CF1E67FCEE009322DF /* Extensions */,
				D05C8A461E671DEA0028EFB5 /* Custom Cell */,
				D05C8A411E66F0EE0028EFB5 /* ViewModel */,
				D05C8A331E65A9660028EFB5 /* Helper */,
				D05C8A301E657D490028EFB5 /* Manager */,
				D05C8A2D1E656D530028EFB5 /* Model */,
				D05C8A2A1E656CE10028EFB5 /* Network */,
				D0ED1AD41E6C998000AB5270 /* Support */,
				D05C8A1F1E65599A0028EFB5 /* Assets.xcassets */,
			);
			path = SixtApp;
			sourceTree = "<group>";
		};
		D05C8A2A1E656CE10028EFB5 /* Network */ = {
			isa = PBXGroup;
			children = (
				D05C8A2B1E656D110028EFB5 /* SixtService.swift */,
				D05C8A441E66F3530028EFB5 /* SixtAPIManager.swift */,
			);
			name = Network;
			sourceTree = "<group>";
		};
		D05C8A2D1E656D530028EFB5 /* Model */ = {
			isa = PBXGroup;
			children = (
				D05C8A2E1E656D6A0028EFB5 /* Car.swift */,
			);
			name = Model;
			sourceTree = "<group>";
		};
		D05C8A301E657D490028EFB5 /* Manager */ = {
			isa = PBXGroup;
			children = (
				D05C8A311E6582CA0028EFB5 /* CarManager.swift */,
			);
			name = Manager;
			sourceTree = "<group>";
		};
		D05C8A331E65A9660028EFB5 /* Helper */ = {
			isa = PBXGroup;
			children = (
				D05C8A341E65A9770028EFB5 /* FileHelper.swift */,
			);
			name = Helper;
			sourceTree = "<group>";
		};
		D05C8A411E66F0EE0028EFB5 /* ViewModel */ = {
			isa = PBXGroup;
			children = (
				D05C8A421E66F1040028EFB5 /* CarViewModel.swift */,
			);
			name = ViewModel;
			sourceTree = "<group>";
		};
		D05C8A461E671DEA0028EFB5 /* Custom Cell */ = {
			isa = PBXGroup;
			children = (
				D05C8A471E671E090028EFB5 /* CarCell.swift */,
			);
			name = "Custom Cell";
			sourceTree = "<group>";
		};
		D0B4DAE11E742A3500F74208 /* Data Sources */ = {
			isa = PBXGroup;
			children = (
				D0B4DAE21E742A5400F74208 /* GenericTableViewDataSource.swift */,
				D0B4DAE61E742C2400F74208 /* CarsDataSource.swift */,
			);
			name = "Data Sources";
			sourceTree = "<group>";
		};
		D0ED1AD11E6C995800AB5270 /* ViewControllers */ = {
			isa = PBXGroup;
			children = (
				D05C8A1A1E65599A0028EFB5 /* CarViewController.swift */,
			);
			name = ViewControllers;
			sourceTree = "<group>";
		};
		D0ED1AD21E6C996100AB5270 /* App Delegate */ = {
			isa = PBXGroup;
			children = (
				D05C8A181E65599A0028EFB5 /* AppDelegate.swift */,
			);
			name = "App Delegate";
			sourceTree = "<group>";
		};
		D0ED1AD31E6C996900AB5270 /* View */ = {
			isa = PBXGroup;
			children = (
				D05C8A211E65599A0028EFB5 /* LaunchScreen.storyboard */,
				D05C8A1C1E65599A0028EFB5 /* Main.storyboard */,
			);
			name = View;
			sourceTree = "<group>";
		};
		D0ED1AD41E6C998000AB5270 /* Support */ = {
			isa = PBXGroup;
			children = (
				D05C8A241E65599A0028EFB5 /* Info.plist */,
			);
			name = Support;
			sourceTree = "<group>";
		};
/* End PBXGroup section */

/* Begin PBXNativeTarget section */
		D05C8A141E65599A0028EFB5 /* SixtApp */ = {
			isa = PBXNativeTarget;
			buildConfigurationList = D05C8A271E65599A0028EFB5 /* Build configuration list for PBXNativeTarget "SixtApp" */;
			buildPhases = (
				EF831A355DB5D65777EE591C /* [CP] Check Pods Manifest.lock */,
				D05C8A111E65599A0028EFB5 /* Sources */,
				D05C8A121E65599A0028EFB5 /* Frameworks */,
				D05C8A131E65599A0028EFB5 /* Resources */,
				3DCE3FF9868CDAD9CAA2A8D2 /* [CP] Embed Pods Frameworks */,
				A28A5008DFBD451171BDCBBB /* [CP] Copy Pods Resources */,
			);
			buildRules = (
			);
			dependencies = (
			);
			name = SixtApp;
			productName = SixtApp;
			productReference = D05C8A151E65599A0028EFB5 /* SixtApp.app */;
			productType = "com.apple.product-type.application";
		};
/* End PBXNativeTarget section */

/* Begin PBXProject section */
		D05C8A0D1E6559990028EFB5 /* Project object */ = {
			isa = PBXProject;
			attributes = {
				LastSwiftUpdateCheck = 0820;
				LastUpgradeCheck = 0820;
				ORGANIZATIONNAME = "Shabir Jan";
				TargetAttributes = {
					D05C8A141E65599A0028EFB5 = {
						CreatedOnToolsVersion = 8.2;
						DevelopmentTeam = L67DULCYGJ;
						ProvisioningStyle = Automatic;
					};
				};
			};
			buildConfigurationList = D05C8A101E6559990028EFB5 /* Build configuration list for PBXProject "SixtApp" */;
			compatibilityVersion = "Xcode 3.2";
			developmentRegion = English;
			hasScannedForEncodings = 0;
			knownRegions = (
				en,
				Base,
			);
			mainGroup = D05C8A0C1E6559990028EFB5;
			productRefGroup = D05C8A161E65599A0028EFB5 /* Products */;
			projectDirPath = "";
			projectRoot = "";
			targets = (
				D05C8A141E65599A0028EFB5 /* SixtApp */,
			);
		};
/* End PBXProject section */

/* Begin PBXResourcesBuildPhase section */
		D05C8A131E65599A0028EFB5 /* Resources */ = {
			isa = PBXResourcesBuildPhase;
			buildActionMask = 2147483647;
			files = (
				D05C8A231E65599A0028EFB5 /* LaunchScreen.storyboard in Resources */,
				D05C8A201E65599A0028EFB5 /* Assets.xcassets in Resources */,
				D05C8A1E1E65599A0028EFB5 /* Main.storyboard in Resources */,
			);
			runOnlyForDeploymentPostprocessing = 0;
		};
/* End PBXResourcesBuildPhase section */

/* Begin PBXShellScriptBuildPhase section */
		3DCE3FF9868CDAD9CAA2A8D2 /* [CP] Embed Pods Frameworks */ = {
			isa = PBXShellScriptBuildPhase;
			buildActionMask = 2147483647;
			files = (
			);
			inputPaths = (
			);
			name = "[CP] Embed Pods Frameworks";
			outputPaths = (
			);
			runOnlyForDeploymentPostprocessing = 0;
			shellPath = /bin/sh;
			shellScript = "\"${SRCROOT}/Pods/Target Support Files/Pods-SixtApp/Pods-SixtApp-frameworks.sh\"\n";
			showEnvVarsInLog = 0;
		};
		A28A5008DFBD451171BDCBBB /* [CP] Copy Pods Resources */ = {
			isa = PBXShellScriptBuildPhase;
			buildActionMask = 2147483647;
			files = (
			);
			inputPaths = (
			);
			name = "[CP] Copy Pods Resources";
			outputPaths = (
			);
			runOnlyForDeploymentPostprocessing = 0;
			shellPath = /bin/sh;
			shellScript = "\"${SRCROOT}/Pods/Target Support Files/Pods-SixtApp/Pods-SixtApp-resources.sh\"\n";
			showEnvVarsInLog = 0;
		};
		EF831A355DB5D65777EE591C /* [CP] Check Pods Manifest.lock */ = {
			isa = PBXShellScriptBuildPhase;
			buildActionMask = 2147483647;
			files = (
			);
			inputPaths = (
			);
			name = "[CP] Check Pods Manifest.lock";
			outputPaths = (
			);
			runOnlyForDeploymentPostprocessing = 0;
			shellPath = /bin/sh;
			shellScript = "diff \"${PODS_ROOT}/../Podfile.lock\" \"${PODS_ROOT}/Manifest.lock\" > /dev/null\nif [ $? != 0 ] ; then\n    # print error to STDERR\n    echo \"error: The sandbox is not in sync with the Podfile.lock. Run 'pod install' or update your CocoaPods installation.\" >&2\n    exit 1\nfi\n";
			showEnvVarsInLog = 0;
		};
/* End PBXShellScriptBuildPhase section */

/* Begin PBXSourcesBuildPhase section */
		D05C8A111E65599A0028EFB5 /* Sources */ = {
			isa = PBXSourcesBuildPhase;
			buildActionMask = 2147483647;
			files = (
				D02904D21E67FD13009322DF /* UIImageView+Kingfisher.swift in Sources */,
				D05C8A1B1E65599A0028EFB5 /* CarViewController.swift in Sources */,
				D05C8A431E66F1040028EFB5 /* CarViewModel.swift in Sources */,
				D01B6CDC1E6864DB003E906B /* CarAnnotation.swift in Sources */,
				D02904D31E67FD13009322DF /* UIViewController+Alert.swift in Sources */,
				D0B4DAE71E742C2400F74208 /* CarsDataSource.swift in Sources */,
				D0B4DAE31E742A5400F74208 /* GenericTableViewDataSource.swift in Sources */,
				D05C8A2C1E656D110028EFB5 /* SixtService.swift in Sources */,
				D05C8A481E671E090028EFB5 /* CarCell.swift in Sources */,
				D05C8A321E6582CA0028EFB5 /* CarManager.swift in Sources */,
				D05C8A451E66F3530028EFB5 /* SixtAPIManager.swift in Sources */,
				D05C8A2F1E656D6A0028EFB5 /* Car.swift in Sources */,
				D05C8A191E65599A0028EFB5 /* AppDelegate.swift in Sources */,
				D05C8A351E65A9770028EFB5 /* FileHelper.swift in Sources */,
			);
			runOnlyForDeploymentPostprocessing = 0;
		};
/* End PBXSourcesBuildPhase section */

/* Begin PBXVariantGroup section */
		D05C8A1C1E65599A0028EFB5 /* Main.storyboard */ = {
			isa = PBXVariantGroup;
			children = (
				D05C8A1D1E65599A0028EFB5 /* Base */,
			);
			name = Main.storyboard;
			sourceTree = "<group>";
		};
		D05C8A211E65599A0028EFB5 /* LaunchScreen.storyboard */ = {
			isa = PBXVariantGroup;
			children = (
				D05C8A221E65599A0028EFB5 /* Base */,
			);
			name = LaunchScreen.storyboard;
			sourceTree = "<group>";
		};
/* End PBXVariantGroup section */

/* Begin XCBuildConfiguration section */
		D05C8A251E65599A0028EFB5 /* Debug */ = {
			isa = XCBuildConfiguration;
			buildSettings = {
				ALWAYS_SEARCH_USER_PATHS = NO;
				CLANG_ANALYZER_NONNULL = YES;
				CLANG_CXX_LANGUAGE_STANDARD = "gnu++0x";
				CLANG_CXX_LIBRARY = "libc++";
				CLANG_ENABLE_MODULES = YES;
				CLANG_ENABLE_OBJC_ARC = YES;
				CLANG_WARN_BOOL_CONVERSION = YES;
				CLANG_WARN_CONSTANT_CONVERSION = YES;
				CLANG_WARN_DIRECT_OBJC_ISA_USAGE = YES_ERROR;
				CLANG_WARN_DOCUMENTATION_COMMENTS = YES;
				CLANG_WARN_EMPTY_BODY = YES;
				CLANG_WARN_ENUM_CONVERSION = YES;
				CLANG_WARN_INFINITE_RECURSION = YES;
				CLANG_WARN_INT_CONVERSION = YES;
				CLANG_WARN_OBJC_ROOT_CLASS = YES_ERROR;
				CLANG_WARN_SUSPICIOUS_MOVE = YES;
				CLANG_WARN_UNREACHABLE_CODE = YES;
				CLANG_WARN__DUPLICATE_METHOD_MATCH = YES;
				"CODE_SIGN_IDENTITY[sdk=iphoneos*]" = "iPhone Developer";
				COPY_PHASE_STRIP = NO;
				DEBUG_INFORMATION_FORMAT = dwarf;
				ENABLE_STRICT_OBJC_MSGSEND = YES;
				ENABLE_TESTABILITY = YES;
				GCC_C_LANGUAGE_STANDARD = gnu99;
				GCC_DYNAMIC_NO_PIC = NO;
				GCC_NO_COMMON_BLOCKS = YES;
				GCC_OPTIMIZATION_LEVEL = 0;
				GCC_PREPROCESSOR_DEFINITIONS = (
					"DEBUG=1",
					"$(inherited)",
				);
				GCC_WARN_64_TO_32_BIT_CONVERSION = YES;
				GCC_WARN_ABOUT_RETURN_TYPE = YES_ERROR;
				GCC_WARN_UNDECLARED_SELECTOR = YES;
				GCC_WARN_UNINITIALIZED_AUTOS = YES_AGGRESSIVE;
				GCC_WARN_UNUSED_FUNCTION = YES;
				GCC_WARN_UNUSED_VARIABLE = YES;
				IPHONEOS_DEPLOYMENT_TARGET = 10.2;
				MTL_ENABLE_DEBUG_INFO = YES;
				ONLY_ACTIVE_ARCH = YES;
				SDKROOT = iphoneos;
				SWIFT_ACTIVE_COMPILATION_CONDITIONS = DEBUG;
				SWIFT_OPTIMIZATION_LEVEL = "-Onone";
			};
			name = Debug;
		};
		D05C8A261E65599A0028EFB5 /* Release */ = {
			isa = XCBuildConfiguration;
			buildSettings = {
				ALWAYS_SEARCH_USER_PATHS = NO;
				CLANG_ANALYZER_NONNULL = YES;
				CLANG_CXX_LANGUAGE_STANDARD = "gnu++0x";
				CLANG_CXX_LIBRARY = "libc++";
				CLANG_ENABLE_MODULES = YES;
				CLANG_ENABLE_OBJC_ARC = YES;
				CLANG_WARN_BOOL_CONVERSION = YES;
				CLANG_WARN_CONSTANT_CONVERSION = YES;
				CLANG_WARN_DIRECT_OBJC_ISA_USAGE = YES_ERROR;
				CLANG_WARN_DOCUMENTATION_COMMENTS = YES;
				CLANG_WARN_EMPTY_BODY = YES;
				CLANG_WARN_ENUM_CONVERSION = YES;
				CLANG_WARN_INFINITE_RECURSION = YES;
				CLANG_WARN_INT_CONVERSION = YES;
				CLANG_WARN_OBJC_ROOT_CLASS = YES_ERROR;
				CLANG_WARN_SUSPICIOUS_MOVE = YES;
				CLANG_WARN_UNREACHABLE_CODE = YES;
				CLANG_WARN__DUPLICATE_METHOD_MATCH = YES;
				"CODE_SIGN_IDENTITY[sdk=iphoneos*]" = "iPhone Developer";
				COPY_PHASE_STRIP = NO;
				DEBUG_INFORMATION_FORMAT = "dwarf-with-dsym";
				ENABLE_NS_ASSERTIONS = NO;
				ENABLE_STRICT_OBJC_MSGSEND = YES;
				GCC_C_LANGUAGE_STANDARD = gnu99;
				GCC_NO_COMMON_BLOCKS = YES;
				GCC_WARN_64_TO_32_BIT_CONVERSION = YES;
				GCC_WARN_ABOUT_RETURN_TYPE = YES_ERROR;
				GCC_WARN_UNDECLARED_SELECTOR = YES;
				GCC_WARN_UNINITIALIZED_AUTOS = YES_AGGRESSIVE;
				GCC_WARN_UNUSED_FUNCTION = YES;
				GCC_WARN_UNUSED_VARIABLE = YES;
				IPHONEOS_DEPLOYMENT_TARGET = 10.2;
				MTL_ENABLE_DEBUG_INFO = NO;
				SDKROOT = iphoneos;
				SWIFT_OPTIMIZATION_LEVEL = "-Owholemodule";
				VALIDATE_PRODUCT = YES;
			};
			name = Release;
		};
		D05C8A281E65599A0028EFB5 /* Debug */ = {
			isa = XCBuildConfiguration;
			baseConfigurationReference = 58435E60D22A813CCE10E26C /* Pods-SixtApp.debug.xcconfig */;
			buildSettings = {
				ASSETCATALOG_COMPILER_APPICON_NAME = AppIcon;
				DEVELOPMENT_TEAM = L67DULCYGJ;
				INFOPLIST_FILE = SixtApp/Info.plist;
				IPHONEOS_DEPLOYMENT_TARGET = 9.0;
				LD_RUNPATH_SEARCH_PATHS = "$(inherited) @executable_path/Frameworks";
				PRODUCT_BUNDLE_IDENTIFIER = com.shabir.SixtApp;
				PRODUCT_NAME = "$(TARGET_NAME)";
				SWIFT_VERSION = 3.0;
			};
			name = Debug;
		};
		D05C8A291E65599A0028EFB5 /* Release */ = {
			isa = XCBuildConfiguration;
			baseConfigurationReference = CC5762E4898B7BB6C390368D /* Pods-SixtApp.release.xcconfig */;
			buildSettings = {
				ASSETCATALOG_COMPILER_APPICON_NAME = AppIcon;
				DEVELOPMENT_TEAM = L67DULCYGJ;
				INFOPLIST_FILE = SixtApp/Info.plist;
				IPHONEOS_DEPLOYMENT_TARGET = 9.0;
				LD_RUNPATH_SEARCH_PATHS = "$(inherited) @executable_path/Frameworks";
				PRODUCT_BUNDLE_IDENTIFIER = com.shabir.SixtApp;
				PRODUCT_NAME = "$(TARGET_NAME)";
				SWIFT_VERSION = 3.0;
			};
			name = Release;
		};
/* End XCBuildConfiguration section */

/* Begin XCConfigurationList section */
		D05C8A101E6559990028EFB5 /* Build configuration list for PBXProject "SixtApp" */ = {
			isa = XCConfigurationList;
			buildConfigurations = (
				D05C8A251E65599A0028EFB5 /* Debug */,
				D05C8A261E65599A0028EFB5 /* Release */,
			);
			defaultConfigurationIsVisible = 0;
			defaultConfigurationName = Release;
		};
		D05C8A271E65599A0028EFB5 /* Build configuration list for PBXNativeTarget "SixtApp" */ = {
			isa = XCConfigurationList;
			buildConfigurations = (
				D05C8A281E65599A0028EFB5 /* Debug */,
				D05C8A291E65599A0028EFB5 /* Release */,
			);
			defaultConfigurationIsVisible = 0;
			defaultConfigurationName = Release;
		};
/* End XCConfigurationList section */
	};
	rootObject = D05C8A0D1E6559990028EFB5 /* Project object */;
}
